
Microsoft Visual Studio Solution File, Format Version 12.00
# Visual Studio 15
VisualStudioVersion = 15.0.27004.2002
MinimumVisualStudioVersion = 10.0.40219.1
Project("{8BC9CEB8-8B4A-11D0-8D11-00A0C91BC942}") = "Test", "Test.vcxproj", "{402CAD71-0A37-4C85-980C-196DEC3B641B}"
EndProject
Global
	GlobalSection(SolutionConfigurationPlatforms) = preSolution
		Debug|x64 = Debug|x64
		Debug|x86 = Debug|x86
		Release|x64 = Release|x64
		Release|x86 = Release|x86
	EndGlobalSection
	GlobalSection(ProjectConfigurationPlatforms) = postSolution
		{402CAD71-0A37-4C85-980C-196DEC3B641B}.Debug|x64.ActiveCfg = Debug|x64
		{402CAD71-0A37-4C85-980C-196DEC3B641B}.Debug|x64.Build.0 = Debug|x64
		{402CAD71-0A37-4C85-980C-196DEC3B641B}.Debug|x86.ActiveCfg = Debug|Win32
		{402CAD71-0A37-4C85-980C-196DEC3B641B}.Debug|x86.Build.0 = Debug|Win32
		{402CAD71-0A37-4C85-980C-196DEC3B641B}.Release|x64.ActiveCfg = Release|x64
		{402CAD71-0A37-4C85-980C-196DEC3B641B}.Release|x64.Build.0 = Release|x64
		{402CAD71-0A37-4C85-980C-196DEC3B641B}.Release|x86.ActiveCfg = Release|Win32
		{402CAD71-0A37-4C85-980C-196DEC3B641B}.Release|x86.Build.0 = Release|Win32
	EndGlobalSection
	GlobalSection(SolutionProperties) = preSolution
		HideSolutionNode = FALSE
	EndGlobalSection
	GlobalSection(ExtensibilityGlobals) = postSolution
		SolutionGuid = {9B424559-3D33-492F-83F4-9C88ACE4400A}
	EndGlobalSection
EndGlobal
